
Microsoft Visual Studio Solution File, Format Version 12.00
# Visual Studio 15
VisualStudioVersion = 15.0.28307.329
MinimumVisualStudioVersion = 10.0.40219.1
Project("{FAE04EC0-301F-11D3-BF4B-00C04F79EFBC}") = "Simple YouTube Music Player", "Simple_YouTube_Music_Player\Simple_YouTube_Music_Player.csproj", "{C9375AAD-FD9C-446B-823F-DBE82167D585}"
EndProject
Project("{FAE04EC0-301F-11D3-BF4B-00C04F79EFBC}") = "File", "File\File.csproj", "{0CFDC155-625C-43CB-A27E-72C2B5D41006}"
EndProject
Project("{FAE04EC0-301F-11D3-BF4B-00C04F79EFBC}") = "Core", "Core\Core.csproj", "{0B5C559A-D522-4974-9C15-F15CFC921A94}"
EndProject
Project("{FAE04EC0-301F-11D3-BF4B-00C04F79EFBC}") = "updater", "updater\updater.csproj", "{7286987F-3EA3-42F7-9771-5281796A5804}"
EndProject
Project("{FAE04EC0-301F-11D3-BF4B-00C04F79EFBC}") = "playerControl", "playerControl\playerControl.csproj", "{B9647E88-C718-4AF0-90F2-5633CFB9DB4E}"
EndProject
Project("{9A19103F-16F7-4668-BE54-9A1E7A4F7556}") = "libvideo", "libvideo\libvideo.csproj", "{A759FB46-775C-4303-BCCB-8BEB1F6C0093}"
EndProject
Global
	GlobalSection(SolutionConfigurationPlatforms) = preSolution
		Debug|Any CPU = Debug|Any CPU
		Release|Any CPU = Release|Any CPU
	EndGlobalSection
	GlobalSection(ProjectConfigurationPlatforms) = postSolution
		{C9375AAD-FD9C-446B-823F-DBE82167D585}.Debug|Any CPU.ActiveCfg = Debug|Any CPU
		{C9375AAD-FD9C-446B-823F-DBE82167D585}.Debug|Any CPU.Build.0 = Debug|Any CPU
		{C9375AAD-FD9C-446B-823F-DBE82167D585}.Release|Any CPU.ActiveCfg = Release|Any CPU
		{C9375AAD-FD9C-446B-823F-DBE82167D585}.Release|Any CPU.Build.0 = Release|Any CPU
		{0CFDC155-625C-43CB-A27E-72C2B5D41006}.Debug|Any CPU.ActiveCfg = Debug|Any CPU
		{0CFDC155-625C-43CB-A27E-72C2B5D41006}.Debug|Any CPU.Build.0 = Debug|Any CPU
		{0CFDC155-625C-43CB-A27E-72C2B5D41006}.Release|Any CPU.ActiveCfg = Release|Any CPU
		{0CFDC155-625C-43CB-A27E-72C2B5D41006}.Release|Any CPU.Build.0 = Release|Any CPU
		{0B5C559A-D522-4974-9C15-F15CFC921A94}.Debug|Any CPU.ActiveCfg = Debug|Any CPU
		{0B5C559A-D522-4974-9C15-F15CFC921A94}.Debug|Any CPU.Build.0 = Debug|Any CPU
		{0B5C559A-D522-4974-9C15-F15CFC921A94}.Release|Any CPU.ActiveCfg = Release|Any CPU
		{0B5C559A-D522-4974-9C15-F15CFC921A94}.Release|Any CPU.Build.0 = Release|Any CPU
		{7286987F-3EA3-42F7-9771-5281796A5804}.Debug|Any CPU.ActiveCfg = Debug|Any CPU
		{7286987F-3EA3-42F7-9771-5281796A5804}.Debug|Any CPU.Build.0 = Debug|Any CPU
		{7286987F-3EA3-42F7-9771-5281796A5804}.Release|Any CPU.ActiveCfg = Release|Any CPU
		{7286987F-3EA3-42F7-9771-5281796A5804}.Release|Any CPU.Build.0 = Release|Any CPU
		{B9647E88-C718-4AF0-90F2-5633CFB9DB4E}.Debug|Any CPU.ActiveCfg = Debug|Any CPU
		{B9647E88-C718-4AF0-90F2-5633CFB9DB4E}.Debug|Any CPU.Build.0 = Debug|Any CPU
		{B9647E88-C718-4AF0-90F2-5633CFB9DB4E}.Release|Any CPU.ActiveCfg = Release|Any CPU
		{B9647E88-C718-4AF0-90F2-5633CFB9DB4E}.Release|Any CPU.Build.0 = Release|Any CPU
		{A759FB46-775C-4303-BCCB-8BEB1F6C0093}.Debug|Any CPU.ActiveCfg = Debug|Any CPU
		{A759FB46-775C-4303-BCCB-8BEB1F6C0093}.Debug|Any CPU.Build.0 = Debug|Any CPU
		{A759FB46-775C-4303-BCCB-8BEB1F6C0093}.Release|Any CPU.ActiveCfg = Release|Any CPU
		{A759FB46-775C-4303-BCCB-8BEB1F6C0093}.Release|Any CPU.Build.0 = Release|Any CPU
	EndGlobalSection
	GlobalSection(SolutionProperties) = preSolution
		HideSolutionNode = FALSE
	EndGlobalSection
	GlobalSection(ExtensibilityGlobals) = postSolution
		SolutionGuid = {7FC6FCB5-DAD6-40B6-B94D-749A6EAE70C1}
	EndGlobalSection
EndGlobal
